
Microsoft Visual Studio Solution File, Format Version 12.00
# Visual Studio Version 17
VisualStudioVersion = 17.4.33213.308
MinimumVisualStudioVersion = 10.0.40219.1
Project("{FAE04EC0-301F-11D3-BF4B-00C04F79EFBC}") = "My Custom Spotify Remake", "My Custom Spotify Remake\My Custom Spotify Remake.csproj", "{DE50BF14-D59E-4966-B3BC-2BF6590C63BA}"
EndProject
Global
	GlobalSection(SolutionConfigurationPlatforms) = preSolution
		Debug|Any CPU = Debug|Any CPU
		Release|Any CPU = Release|Any CPU
	EndGlobalSection
	GlobalSection(ProjectConfigurationPlatforms) = postSolution
		{DE50BF14-D59E-4966-B3BC-2BF6590C63BA}.Debug|Any CPU.ActiveCfg = Debug|Any CPU
		{DE50BF14-D59E-4966-B3BC-2BF6590C63BA}.Debug|Any CPU.Build.0 = Debug|Any CPU
		{DE50BF14-D59E-4966-B3BC-2BF6590C63BA}.Release|Any CPU.ActiveCfg = Release|Any CPU
		{DE50BF14-D59E-4966-B3BC-2BF6590C63BA}.Release|Any CPU.Build.0 = Release|Any CPU
	EndGlobalSection
	GlobalSection(SolutionProperties) = preSolution
		HideSolutionNode = FALSE
	EndGlobalSection
	GlobalSection(ExtensibilityGlobals) = postSolution
		SolutionGuid = {3E9A02CB-23A5-43C3-9E54-258973A684AE}
	EndGlobalSection
EndGlobal
